// !$*UTF8*$!
{
	archiveVersion = 1;
	classes = {
	};
	objectVersion = 56;
	objects = {

/* Begin PBXBuildFile section */
		54C3B18D2A6F3FB900EC293C /* CollectionViewTestApp.swift in Sources */ = {isa = PBXBuildFile; fileRef = 54C3B18C2A6F3FB900EC293C /* CollectionViewTestApp.swift */; };
		54C3B18F2A6F3FB900EC293C /* ContentView.swift in Sources */ = {isa = PBXBuildFile; fileRef = 54C3B18E2A6F3FB900EC293C /* ContentView.swift */; };
		54C3B1912A6F3FBB00EC293C /* Assets.xcassets in Resources */ = {isa = PBXBuildFile; fileRef = 54C3B1902A6F3FBB00EC293C /* Assets.xcassets */; };
		54C3B1952A6F3FBB00EC293C /* Preview Assets.xcassets in Resources */ = {isa = PBXBuildFile; fileRef = 54C3B1942A6F3FBB00EC293C /* Preview Assets.xcassets */; };
		54C3B19F2A6F3FBB00EC293C /* CollectionViewTestTests.swift in Sources */ = {isa = PBXBuildFile; fileRef = 54C3B19E2A6F3FBB00EC293C /* CollectionViewTestTests.swift */; };
		54C3B1A92A6F3FBB00EC293C /* CollectionViewTestUITests.swift in Sources */ = {isa = PBXBuildFile; fileRef = 54C3B1A82A6F3FBB00EC293C /* CollectionViewTestUITests.swift */; };
		54C3B1AB2A6F3FBB00EC293C /* CollectionViewTestUITestsLaunchTests.swift in Sources */ = {isa = PBXBuildFile; fileRef = 54C3B1AA2A6F3FBB00EC293C /* CollectionViewTestUITestsLaunchTests.swift */; };
/* End PBXBuildFile section */

/* Begin PBXContainerItemProxy section */
		54C3B19B2A6F3FBB00EC293C /* PBXContainerItemProxy */ = {
			isa = PBXContainerItemProxy;
			containerPortal = 54C3B1812A6F3FB900EC293C /* Project object */;
			proxyType = 1;
			remoteGlobalIDString = 54C3B1882A6F3FB900EC293C;
			remoteInfo = CollectionViewTest;
		};
		54C3B1A52A6F3FBB00EC293C /* PBXContainerItemProxy */ = {
			isa = PBXContainerItemProxy;
			containerPortal = 54C3B1812A6F3FB900EC293C /* Project object */;
			proxyType = 1;
			remoteGlobalIDString = 54C3B1882A6F3FB900EC293C;
			remoteInfo = CollectionViewTest;
		};
/* End PBXContainerItemProxy section */

/* Begin PBXFileReference section */
		54C3B1892A6F3FB900EC293C /* CollectionViewTest.app */ = {isa = PBXFileReference; explicitFileType = wrapper.application; includeInIndex = 0; path = CollectionViewTest.app; sourceTree = BUILT_PRODUCTS_DIR; };
		54C3B18C2A6F3FB900EC293C /* CollectionViewTestApp.swift */ = {isa = PBXFileReference; lastKnownFileType = sourcecode.swift; path = CollectionViewTestApp.swift; sourceTree = "<group>"; };
		54C3B18E2A6F3FB900EC293C /* ContentView.swift */ = {isa = PBXFileReference; lastKnownFileType = sourcecode.swift; path = ContentView.swift; sourceTree = "<group>"; };
		54C3B1902A6F3FBB00EC293C /* Assets.xcassets */ = {isa = PBXFileReference; lastKnownFileType = folder.assetcatalog; path = Assets.xcassets; sourceTree = "<group>"; };
		54C3B1922A6F3FBB00EC293C /* CollectionViewTest.entitlements */ = {isa = PBXFileReference; lastKnownFileType = text.plist.entitlements; path = CollectionViewTest.entitlements; sourceTree = "<group>"; };
		54C3B1942A6F3FBB00EC293C /* Preview Assets.xcassets */ = {isa = PBXFileReference; lastKnownFileType = folder.assetcatalog; path = "Preview Assets.xcassets"; sourceTree = "<group>"; };
		54C3B19A2A6F3FBB00EC293C /* CollectionViewTestTests.xctest */ = {isa = PBXFileReference; explicitFileType = wrapper.cfbundle; includeInIndex = 0; path = CollectionViewTestTests.xctest; sourceTree = BUILT_PRODUCTS_DIR; };
		54C3B19E2A6F3FBB00EC293C /* CollectionViewTestTests.swift */ = {isa = PBXFileReference; lastKnownFileType = sourcecode.swift; path = CollectionViewTestTests.swift; sourceTree = "<group>"; };
		54C3B1A42A6F3FBB00EC293C /* CollectionViewTestUITests.xctest */ = {isa = PBXFileReference; explicitFileType = wrapper.cfbundle; includeInIndex = 0; path = CollectionViewTestUITests.xctest; sourceTree = BUILT_PRODUCTS_DIR; };
		54C3B1A82A6F3FBB00EC293C /* CollectionViewTestUITests.swift */ = {isa = PBXFileReference; lastKnownFileType = sourcecode.swift; path = CollectionViewTestUITests.swift; sourceTree = "<group>"; };
		54C3B1AA2A6F3FBB00EC293C /* CollectionViewTestUITestsLaunchTests.swift */ = {isa = PBXFileReference; lastKnownFileType = sourcecode.swift; path = CollectionViewTestUITestsLaunchTests.swift; sourceTree = "<group>"; };
/* End PBXFileReference section */

/* Begin PBXFrameworksBuildPhase section */
		54C3B1862A6F3FB900EC293C /* Frameworks */ = {
			isa = PBXFrameworksBuildPhase;
			buildActionMask = 2147483647;
			files = (
			);
			runOnlyForDeploymentPostprocessing = 0;
		};
		54C3B1972A6F3FBB00EC293C /* Frameworks */ = {
			isa = PBXFrameworksBuildPhase;
			buildActionMask = 2147483647;
			files = (
			);
			runOnlyForDeploymentPostprocessing = 0;
		};
		54C3B1A12A6F3FBB00EC293C /* Frameworks */ = {
			isa = PBXFrameworksBuildPhase;
			buildActionMask = 2147483647;
			files = (
			);
			runOnlyForDeploymentPostprocessing = 0;
		};
/* End PBXFrameworksBuildPhase section */

/* Begin PBXGroup section */
		54C3B1802A6F3FB900EC293C = {
			isa = PBXGroup;
			children = (
				54C3B18B2A6F3FB900EC293C /* CollectionViewTest */,
				54C3B19D2A6F3FBB00EC293C /* CollectionViewTestTests */,
				54C3B1A72A6F3FBB00EC293C /* CollectionViewTestUITests */,
				54C3B18A2A6F3FB900EC293C /* Products */,
			);
			sourceTree = "<group>";
		};
		54C3B18A2A6F3FB900EC293C /* Products */ = {
			isa = PBXGroup;
			children = (
				54C3B1892A6F3FB900EC293C /* CollectionViewTest.app */,
				54C3B19A2A6F3FBB00EC293C /* CollectionViewTestTests.xctest */,
				54C3B1A42A6F3FBB00EC293C /* CollectionViewTestUITests.xctest */,
			);
			name = Products;
			sourceTree = "<group>";
		};
		54C3B18B2A6F3FB900EC293C /* CollectionViewTest */ = {
			isa = PBXGroup;
			children = (
				54C3B18C2A6F3FB900EC293C /* CollectionViewTestApp.swift */,
				54C3B18E2A6F3FB900EC293C /* ContentView.swift */,
				54C3B1902A6F3FBB00EC293C /* Assets.xcassets */,
				54C3B1922A6F3FBB00EC293C /* CollectionViewTest.entitlements */,
				54C3B1932A6F3FBB00EC293C /* Preview Content */,
			);
			path = CollectionViewTest;
			sourceTree = "<group>";
		};
		54C3B1932A6F3FBB00EC293C /* Preview Content */ = {
			isa = PBXGroup;
			children = (
				54C3B1942A6F3FBB00EC293C /* Preview Assets.xcassets */,
			);
			path = "Preview Content";
			sourceTree = "<group>";
		};
		54C3B19D2A6F3FBB00EC293C /* CollectionViewTestTests */ = {
			isa = PBXGroup;
			children = (
				54C3B19E2A6F3FBB00EC293C /* CollectionViewTestTests.swift */,
			);
			path = CollectionViewTestTests;
			sourceTree = "<group>";
		};
		54C3B1A72A6F3FBB00EC293C /* CollectionViewTestUITests */ = {
			isa = PBXGroup;
			children = (
				54C3B1A82A6F3FBB00EC293C /* CollectionViewTestUITests.swift */,
				54C3B1AA2A6F3FBB00EC293C /* CollectionViewTestUITestsLaunchTests.swift */,
			);
			path = CollectionViewTestUITests;
			sourceTree = "<group>";
		};
/* End PBXGroup section */

/* Begin PBXNativeTarget section */
		54C3B1882A6F3FB900EC293C /* CollectionViewTest */ = {
			isa = PBXNativeTarget;
			buildConfigurationList = 54C3B1AE2A6F3FBB00EC293C /* Build configuration list for PBXNativeTarget "CollectionViewTest" */;
			buildPhases = (
				54C3B1852A6F3FB900EC293C /* Sources */,
				54C3B1862A6F3FB900EC293C /* Frameworks */,
				54C3B1872A6F3FB900EC293C /* Resources */,
			);
			buildRules = (
			);
			dependencies = (
			);
			name = CollectionViewTest;
			productName = CollectionViewTest;
			productReference = 54C3B1892A6F3FB900EC293C /* CollectionViewTest.app */;
			productType = "com.apple.product-type.application";
		};
		54C3B1992A6F3FBB00EC293C /* CollectionViewTestTests */ = {
			isa = PBXNativeTarget;
			buildConfigurationList = 54C3B1B12A6F3FBB00EC293C /* Build configuration list for PBXNativeTarget "CollectionViewTestTests" */;
			buildPhases = (
				54C3B1962A6F3FBB00EC293C /* Sources */,
				54C3B1972A6F3FBB00EC293C /* Frameworks */,
				54C3B1982A6F3FBB00EC293C /* Resources */,
			);
			buildRules = (
			);
			dependencies = (
				54C3B19C2A6F3FBB00EC293C /* PBXTargetDependency */,
			);
			name = CollectionViewTestTests;
			productName = CollectionViewTestTests;
			productReference = 54C3B19A2A6F3FBB00EC293C /* CollectionViewTestTests.xctest */;
			productType = "com.apple.product-type.bundle.unit-test";
		};
		54C3B1A32A6F3FBB00EC293C /* CollectionViewTestUITests */ = {
			isa = PBXNativeTarget;
			buildConfigurationList = 54C3B1B42A6F3FBB00EC293C /* Build configuration list for PBXNativeTarget "CollectionViewTestUITests" */;
			buildPhases = (
				54C3B1A02A6F3FBB00EC293C /* Sources */,
				54C3B1A12A6F3FBB00EC293C /* Frameworks */,
				54C3B1A22A6F3FBB00EC293C /* Resources */,
			);
			buildRules = (
			);
			dependencies = (
				54C3B1A62A6F3FBB00EC293C /* PBXTargetDependency */,
			);
			name = CollectionViewTestUITests;
			productName = CollectionViewTestUITests;
			productReference = 54C3B1A42A6F3FBB00EC293C /* CollectionViewTestUITests.xctest */;
			productType = "com.apple.product-type.bundle.ui-testing";
		};
/* End PBXNativeTarget section */

/* Begin PBXProject section */
		54C3B1812A6F3FB900EC293C /* Project object */ = {
			isa = PBXProject;
			attributes = {
				BuildIndependentTargetsInParallel = 1;
				LastSwiftUpdateCheck = 1500;
				LastUpgradeCheck = 1500;
				TargetAttributes = {
					54C3B1882A6F3FB900EC293C = {
						CreatedOnToolsVersion = 15.0;
					};
					54C3B1992A6F3FBB00EC293C = {
						CreatedOnToolsVersion = 15.0;
						TestTargetID = 54C3B1882A6F3FB900EC293C;
					};
					54C3B1A32A6F3FBB00EC293C = {
						CreatedOnToolsVersion = 15.0;
						TestTargetID = 54C3B1882A6F3FB900EC293C;
					};
				};
			};
			buildConfigurationList = 54C3B1842A6F3FB900EC293C /* Build configuration list for PBXProject "CollectionViewTest" */;
			compatibilityVersion = "Xcode 14.0";
			developmentRegion = en;
			hasScannedForEncodings = 0;
			knownRegions = (
				en,
				Base,
			);
			mainGroup = 54C3B1802A6F3FB900EC293C;
			productRefGroup = 54C3B18A2A6F3FB900EC293C /* Products */;
			projectDirPath = "";
			projectRoot = "";
			targets = (
				54C3B1882A6F3FB900EC293C /* CollectionViewTest */,
				54C3B1992A6F3FBB00EC293C /* CollectionViewTestTests */,
				54C3B1A32A6F3FBB00EC293C /* CollectionViewTestUITests */,
			);
		};
/* End PBXProject section */

/* Begin PBXResourcesBuildPhase section */
		54C3B1872A6F3FB900EC293C /* Resources */ = {
			isa = PBXResourcesBuildPhase;
			buildActionMask = 2147483647;
			files = (
				54C3B1952A6F3FBB00EC293C /* Preview Assets.xcassets in Resources */,
				54C3B1912A6F3FBB00EC293C /* Assets.xcassets in Resources */,
			);
			runOnlyForDeploymentPostprocessing = 0;
		};
		54C3B1982A6F3FBB00EC293C /* Resources */ = {
			isa = PBXResourcesBuildPhase;
			buildActionMask = 2147483647;
			files = (
			);
			runOnlyForDeploymentPostprocessing = 0;
		};
		54C3B1A22A6F3FBB00EC293C /* Resources */ = {
			isa = PBXResourcesBuildPhase;
			buildActionMask = 2147483647;
			files = (
			);
			runOnlyForDeploymentPostprocessing = 0;
		};
/* End PBXResourcesBuildPhase section */

/* Begin PBXSourcesBuildPhase section */
		54C3B1852A6F3FB900EC293C /* Sources */ = {
			isa = PBXSourcesBuildPhase;
			buildActionMask = 2147483647;
			files = (
				54C3B18F2A6F3FB900EC293C /* ContentView.swift in Sources */,
				54C3B18D2A6F3FB900EC293C /* CollectionViewTestApp.swift in Sources */,
			);
			runOnlyForDeploymentPostprocessing = 0;
		};
		54C3B1962A6F3FBB00EC293C /* Sources */ = {
			isa = PBXSourcesBuildPhase;
			buildActionMask = 2147483647;
			files = (
				54C3B19F2A6F3FBB00EC293C /* CollectionViewTestTests.swift in Sources */,
			);
			runOnlyForDeploymentPostprocessing = 0;
		};
		54C3B1A02A6F3FBB00EC293C /* Sources */ = {
			isa = PBXSourcesBuildPhase;
			buildActionMask = 2147483647;
			files = (
				54C3B1A92A6F3FBB00EC293C /* CollectionViewTestUITests.swift in Sources */,
				54C3B1AB2A6F3FBB00EC293C /* CollectionViewTestUITestsLaunchTests.swift in Sources */,
			);
			runOnlyForDeploymentPostprocessing = 0;
		};
/* End PBXSourcesBuildPhase section */

/* Begin PBXTargetDependency section */
		54C3B19C2A6F3FBB00EC293C /* PBXTargetDependency */ = {
			isa = PBXTargetDependency;
			target = 54C3B1882A6F3FB900EC293C /* CollectionViewTest */;
			targetProxy = 54C3B19B2A6F3FBB00EC293C /* PBXContainerItemProxy */;
		};
		54C3B1A62A6F3FBB00EC293C /* PBXTargetDependency */ = {
			isa = PBXTargetDependency;
			target = 54C3B1882A6F3FB900EC293C /* CollectionViewTest */;
			targetProxy = 54C3B1A52A6F3FBB00EC293C /* PBXContainerItemProxy */;
		};
/* End PBXTargetDependency section */

/* Begin XCBuildConfiguration section */
		54C3B1AC2A6F3FBB00EC293C /* Debug */ = {
			isa = XCBuildConfiguration;
			buildSettings = {
				ALWAYS_SEARCH_USER_PATHS = NO;
				ASSETCATALOG_COMPILER_GENERATE_SWIFT_ASSET_SYMBOL_EXTENSIONS = YES;
				CLANG_ANALYZER_NONNULL = YES;
				CLANG_ANALYZER_NUMBER_OBJECT_CONVERSION = YES_AGGRESSIVE;
				CLANG_CXX_LANGUAGE_STANDARD = "gnu++20";
				CLANG_ENABLE_MODULES = YES;
				CLANG_ENABLE_OBJC_ARC = YES;
				CLANG_ENABLE_OBJC_WEAK = YES;
				CLANG_WARN_BLOCK_CAPTURE_AUTORELEASING = YES;
				CLANG_WARN_BOOL_CONVERSION = YES;
				CLANG_WARN_COMMA = YES;
				CLANG_WARN_CONSTANT_CONVERSION = YES;
				CLANG_WARN_DEPRECATED_OBJC_IMPLEMENTATIONS = YES;
				CLANG_WARN_DIRECT_OBJC_ISA_USAGE = YES_ERROR;
				CLANG_WARN_DOCUMENTATION_COMMENTS = YES;
				CLANG_WARN_EMPTY_BODY = YES;
				CLANG_WARN_ENUM_CONVERSION = YES;
				CLANG_WARN_INFINITE_RECURSION = YES;
				CLANG_WARN_INT_CONVERSION = YES;
				CLANG_WARN_NON_LITERAL_NULL_CONVERSION = YES;
				CLANG_WARN_OBJC_IMPLICIT_RETAIN_SELF = YES;
				CLANG_WARN_OBJC_LITERAL_CONVERSION = YES;
				CLANG_WARN_OBJC_ROOT_CLASS = YES_ERROR;
				CLANG_WARN_QUOTED_INCLUDE_IN_FRAMEWORK_HEADER = YES;
				CLANG_WARN_RANGE_LOOP_ANALYSIS = YES;
				CLANG_WARN_STRICT_PROTOTYPES = YES;
				CLANG_WARN_SUSPICIOUS_MOVE = YES;
				CLANG_WARN_UNGUARDED_AVAILABILITY = YES_AGGRESSIVE;
				CLANG_WARN_UNREACHABLE_CODE = YES;
				CLANG_WARN__DUPLICATE_METHOD_MATCH = YES;
				COPY_PHASE_STRIP = NO;
				DEBUG_INFORMATION_FORMAT = dwarf;
				ENABLE_STRICT_OBJC_MSGSEND = YES;
				ENABLE_TESTABILITY = YES;
				ENABLE_USER_SCRIPT_SANDBOXING = YES;
				GCC_C_LANGUAGE_STANDARD = gnu17;
				GCC_DYNAMIC_NO_PIC = NO;
				GCC_NO_COMMON_BLOCKS = YES;
				GCC_OPTIMIZATION_LEVEL = 0;
				GCC_PREPROCESSOR_DEFINITIONS = (
					"DEBUG=1",
					"$(inherited)",
				);
				GCC_WARN_64_TO_32_BIT_CONVERSION = YES;
				GCC_WARN_ABOUT_RETURN_TYPE = YES_ERROR;
				GCC_WARN_UNDECLARED_SELECTOR = YES;
				GCC_WARN_UNINITIALIZED_AUTOS = YES_AGGRESSIVE;
				GCC_WARN_UNUSED_FUNCTION = YES;
				GCC_WARN_UNUSED_VARIABLE = YES;
				LOCALIZATION_PREFERS_STRING_CATALOGS = YES;
				MTL_ENABLE_DEBUG_INFO = INCLUDE_SOURCE;
				MTL_FAST_MATH = YES;
				ONLY_ACTIVE_ARCH = YES;
				SWIFT_ACTIVE_COMPILATION_CONDITIONS = "DEBUG $(inherited)";
				SWIFT_OPTIMIZATION_LEVEL = "-Onone";
			};
			name = Debug;
		};
		54C3B1AD2A6F3FBB00EC293C /* Release */ = {
			isa = XCBuildConfiguration;
			buildSettings = {
				ALWAYS_SEARCH_USER_PATHS = NO;
				ASSETCATALOG_COMPILER_GENERATE_SWIFT_ASSET_SYMBOL_EXTENSIONS = YES;
				CLANG_ANALYZER_NONNULL = YES;
				CLANG_ANALYZER_NUMBER_OBJECT_CONVERSION = YES_AGGRESSIVE;
				CLANG_CXX_LANGUAGE_STANDARD = "gnu++20";
				CLANG_ENABLE_MODULES = YES;
				CLANG_ENABLE_OBJC_ARC = YES;
				CLANG_ENABLE_OBJC_WEAK = YES;
				CLANG_WARN_BLOCK_CAPTURE_AUTORELEASING = YES;
				CLANG_WARN_BOOL_CONVERSION = YES;
				CLANG_WARN_COMMA = YES;
				CLANG_WARN_CONSTANT_CONVERSION = YES;
				CLANG_WARN_DEPRECATED_OBJC_IMPLEMENTATIONS = YES;
				CLANG_WARN_DIRECT_OBJC_ISA_USAGE = YES_ERROR;
				CLANG_WARN_DOCUMENTATION_COMMENTS = YES;
				CLANG_WARN_EMPTY_BODY = YES;
				CLANG_WARN_ENUM_CONVERSION = YES;
				CLANG_WARN_INFINITE_RECURSION = YES;
				CLANG_WARN_INT_CONVERSION = YES;
				CLANG_WARN_NON_LITERAL_NULL_CONVERSION = YES;
				CLANG_WARN_OBJC_IMPLICIT_RETAIN_SELF = YES;
				CLANG_WARN_OBJC_LITERAL_CONVERSION = YES;
				CLANG_WARN_OBJC_ROOT_CLASS = YES_ERROR;
				CLANG_WARN_QUOTED_INCLUDE_IN_FRAMEWORK_HEADER = YES;
				CLANG_WARN_RANGE_LOOP_ANALYSIS = YES;
				CLANG_WARN_STRICT_PROTOTYPES = YES;
				CLANG_WARN_SUSPICIOUS_MOVE = YES;
				CLANG_WARN_UNGUARDED_AVAILABILITY = YES_AGGRESSIVE;
				CLANG_WARN_UNREACHABLE_CODE = YES;
				CLANG_WARN__DUPLICATE_METHOD_MATCH = YES;
				COPY_PHASE_STRIP = NO;
				DEBUG_INFORMATION_FORMAT = "dwarf-with-dsym";
				ENABLE_NS_ASSERTIONS = NO;
				ENABLE_STRICT_OBJC_MSGSEND = YES;
				ENABLE_USER_SCRIPT_SANDBOXING = YES;
				GCC_C_LANGUAGE_STANDARD = gnu17;
				GCC_NO_COMMON_BLOCKS = YES;
				GCC_WARN_64_TO_32_BIT_CONVERSION = YES;
				GCC_WARN_ABOUT_RETURN_TYPE = YES_ERROR;
				GCC_WARN_UNDECLARED_SELECTOR = YES;
				GCC_WARN_UNINITIALIZED_AUTOS = YES_AGGRESSIVE;
				GCC_WARN_UNUSED_FUNCTION = YES;
				GCC_WARN_UNUSED_VARIABLE = YES;
				LOCALIZATION_PREFERS_STRING_CATALOGS = YES;
				MTL_ENABLE_DEBUG_INFO = NO;
				MTL_FAST_MATH = YES;
				SWIFT_COMPILATION_MODE = wholemodule;
			};
			name = Release;
		};
		54C3B1AF2A6F3FBB00EC293C /* Debug */ = {
			isa = XCBuildConfiguration;
			buildSettings = {
				ASSETCATALOG_COMPILER_APPICON_NAME = AppIcon;
				ASSETCATALOG_COMPILER_GLOBAL_ACCENT_COLOR_NAME = AccentColor;
				CODE_SIGN_ENTITLEMENTS = CollectionViewTest/CollectionViewTest.entitlements;
				CODE_SIGN_STYLE = Automatic;
				CURRENT_PROJECT_VERSION = 1;
				DEVELOPMENT_ASSET_PATHS = "\"CollectionViewTest/Preview Content\"";
				DEVELOPMENT_TEAM = 37GVR2HTKC;
				ENABLE_HARDENED_RUNTIME = YES;
				ENABLE_PREVIEWS = YES;
				GENERATE_INFOPLIST_FILE = YES;
				"INFOPLIST_KEY_UIApplicationSceneManifest_Generation[sdk=iphoneos*]" = YES;
				"INFOPLIST_KEY_UIApplicationSceneManifest_Generation[sdk=iphonesimulator*]" = YES;
				"INFOPLIST_KEY_UIApplicationSupportsIndirectInputEvents[sdk=iphoneos*]" = YES;
				"INFOPLIST_KEY_UIApplicationSupportsIndirectInputEvents[sdk=iphonesimulator*]" = YES;
				"INFOPLIST_KEY_UILaunchScreen_Generation[sdk=iphoneos*]" = YES;
				"INFOPLIST_KEY_UILaunchScreen_Generation[sdk=iphonesimulator*]" = YES;
				"INFOPLIST_KEY_UIStatusBarStyle[sdk=iphoneos*]" = UIStatusBarStyleDefault;
				"INFOPLIST_KEY_UIStatusBarStyle[sdk=iphonesimulator*]" = UIStatusBarStyleDefault;
				INFOPLIST_KEY_UISupportedInterfaceOrientations_iPad = "UIInterfaceOrientationPortrait UIInterfaceOrientationPortraitUpsideDown UIInterfaceOrientationLandscapeLeft UIInterfaceOrientationLandscapeRight";
				INFOPLIST_KEY_UISupportedInterfaceOrientations_iPhone = "UIInterfaceOrientationPortrait UIInterfaceOrientationLandscapeLeft UIInterfaceOrientationLandscapeRight";
				IPHONEOS_DEPLOYMENT_TARGET = 17.0;
				LD_RUNPATH_SEARCH_PATHS = "@executable_path/Frameworks";
				"LD_RUNPATH_SEARCH_PATHS[sdk=macosx*]" = "@executable_path/../Frameworks";
				MACOSX_DEPLOYMENT_TARGET = 13.4;
				MARKETING_VERSION = 1.0;
				PRODUCT_BUNDLE_IDENTIFIER = com.berzzani.CollectionViewTest;
				PRODUCT_NAME = "$(TARGET_NAME)";
				SDKROOT = auto;
				SUPPORTED_PLATFORMS = "iphoneos iphonesimulator macosx";
				SWIFT_EMIT_LOC_STRINGS = YES;
				SWIFT_VERSION = 5.0;
				TARGETED_DEVICE_FAMILY = "1,2";
			};
			name = Debug;
		};
		54C3B1B02A6F3FBB00EC293C /* Release */ = {
			isa = XCBuildConfiguration;
			buildSettings = {
				ASSETCATALOG_COMPILER_APPICON_NAME = AppIcon;
				ASSETCATALOG_COMPILER_GLOBAL_ACCENT_COLOR_NAME = AccentColor;
				CODE_SIGN_ENTITLEMENTS = CollectionViewTest/CollectionViewTest.entitlements;
				CODE_SIGN_STYLE = Automatic;
				CURRENT_PROJECT_VERSION = 1;
				DEVELOPMENT_ASSET_PATHS = "\"CollectionViewTest/Preview Content\"";
				DEVELOPMENT_TEAM = 37GVR2HTKC;
				ENABLE_HARDENED_RUNTIME = YES;
				ENABLE_PREVIEWS = YES;
				GENERATE_INFOPLIST_FILE = YES;
				"INFOPLIST_KEY_UIApplicationSceneManifest_Generation[sdk=iphoneos*]" = YES;
				"INFOPLIST_KEY_UIApplicationSceneManifest_Generation[sdk=iphonesimulator*]" = YES;
				"INFOPLIST_KEY_UIApplicationSupportsIndirectInputEvents[sdk=iphoneos*]" = YES;
				"INFOPLIST_KEY_UIApplicationSupportsIndirectInputEvents[sdk=iphonesimulator*]" = YES;
				"INFOPLIST_KEY_UILaunchScreen_Generation[sdk=iphoneos*]" = YES;
				"INFOPLIST_KEY_UILaunchScreen_Generation[sdk=iphonesimulator*]" = YES;
				"INFOPLIST_KEY_UIStatusBarStyle[sdk=iphoneos*]" = UIStatusBarStyleDefault;
				"INFOPLIST_KEY_UIStatusBarStyle[sdk=iphonesimulator*]" = UIStatusBarStyleDefault;
				INFOPLIST_KEY_UISupportedInterfaceOrientations_iPad = "UIInterfaceOrientationPortrait UIInterfaceOrientationPortraitUpsideDown UIInterfaceOrientationLandscapeLeft UIInterfaceOrientationLandscapeRight";
				INFOPLIST_KEY_UISupportedInterfaceOrientations_iPhone = "UIInterfaceOrientationPortrait UIInterfaceOrientationLandscapeLeft UIInterfaceOrientationLandscapeRight";
				IPHONEOS_DEPLOYMENT_TARGET = 17.0;
				LD_RUNPATH_SEARCH_PATHS = "@executable_path/Frameworks";
				"LD_RUNPATH_SEARCH_PATHS[sdk=macosx*]" = "@executable_path/../Frameworks";
				MACOSX_DEPLOYMENT_TARGET = 13.4;
				MARKETING_VERSION = 1.0;
				PRODUCT_BUNDLE_IDENTIFIER = com.berzzani.CollectionViewTest;
				PRODUCT_NAME = "$(TARGET_NAME)";
				SDKROOT = auto;
				SUPPORTED_PLATFORMS = "iphoneos iphonesimulator macosx";
				SWIFT_EMIT_LOC_STRINGS = YES;
				SWIFT_VERSION = 5.0;
				TARGETED_DEVICE_FAMILY = "1,2";
			};
			name = Release;
		};
		54C3B1B22A6F3FBB00EC293C /* Debug */ = {
			isa = XCBuildConfiguration;
			buildSettings = {
				ALWAYS_EMBED_SWIFT_STANDARD_LIBRARIES = YES;
				BUNDLE_LOADER = "$(TEST_HOST)";
				CODE_SIGN_STYLE = Automatic;
				CURRENT_PROJECT_VERSION = 1;
				DEVELOPMENT_TEAM = 37GVR2HTKC;
				GENERATE_INFOPLIST_FILE = YES;
				IPHONEOS_DEPLOYMENT_TARGET = 17.0;
				MACOSX_DEPLOYMENT_TARGET = 13.4;
				MARKETING_VERSION = 1.0;
				PRODUCT_BUNDLE_IDENTIFIER = com.berzzani.CollectionViewTestTests;
				PRODUCT_NAME = "$(TARGET_NAME)";
				SDKROOT = auto;
				SUPPORTED_PLATFORMS = "iphoneos iphonesimulator macosx";
				SWIFT_EMIT_LOC_STRINGS = NO;
				SWIFT_VERSION = 5.0;
				TARGETED_DEVICE_FAMILY = "1,2";
				TEST_HOST = "$(BUILT_PRODUCTS_DIR)/CollectionViewTest.app/$(BUNDLE_EXECUTABLE_FOLDER_PATH)/CollectionViewTest";
			};
			name = Debug;
		};
		54C3B1B32A6F3FBB00EC293C /* Release */ = {
			isa = XCBuildConfiguration;
			buildSettings = {
				ALWAYS_EMBED_SWIFT_STANDARD_LIBRARIES = YES;
				BUNDLE_LOADER = "$(TEST_HOST)";
				CODE_SIGN_STYLE = Automatic;
				CURRENT_PROJECT_VERSION = 1;
				DEVELOPMENT_TEAM = 37GVR2HTKC;
				GENERATE_INFOPLIST_FILE = YES;
				IPHONEOS_DEPLOYMENT_TARGET = 17.0;
				MACOSX_DEPLOYMENT_TARGET = 13.4;
				MARKETING_VERSION = 1.0;
				PRODUCT_BUNDLE_IDENTIFIER = com.berzzani.CollectionViewTestTests;
				PRODUCT_NAME = "$(TARGET_NAME)";
				SDKROOT = auto;
				SUPPORTED_PLATFORMS = "iphoneos iphonesimulator macosx";
				SWIFT_EMIT_LOC_STRINGS = NO;
				SWIFT_VERSION = 5.0;
				TARGETED_DEVICE_FAMILY = "1,2";
				TEST_HOST = "$(BUILT_PRODUCTS_DIR)/CollectionViewTest.app/$(BUNDLE_EXECUTABLE_FOLDER_PATH)/CollectionViewTest";
			};
			name = Release;
		};
		54C3B1B52A6F3FBB00EC293C /* Debug */ = {
			isa = XCBuildConfiguration;
			buildSettings = {
				ALWAYS_EMBED_SWIFT_STANDARD_LIBRARIES = YES;
				CODE_SIGN_STYLE = Automatic;
				CURRENT_PROJECT_VERSION = 1;
				DEVELOPMENT_TEAM = 37GVR2HTKC;
				GENERATE_INFOPLIST_FILE = YES;
				IPHONEOS_DEPLOYMENT_TARGET = 17.0;
				MACOSX_DEPLOYMENT_TARGET = 13.4;
				MARKETING_VERSION = 1.0;
				PRODUCT_BUNDLE_IDENTIFIER = com.berzzani.CollectionViewTestUITests;
				PRODUCT_NAME = "$(TARGET_NAME)";
				SDKROOT = auto;
				SUPPORTED_PLATFORMS = "iphoneos iphonesimulator macosx";
				SWIFT_EMIT_LOC_STRINGS = NO;
				SWIFT_VERSION = 5.0;
				TARGETED_DEVICE_FAMILY = "1,2";
				TEST_TARGET_NAME = CollectionViewTest;
			};
			name = Debug;
		};
		54C3B1B62A6F3FBB00EC293C /* Release */ = {
			isa = XCBuildConfiguration;
			buildSettings = {
				ALWAYS_EMBED_SWIFT_STANDARD_LIBRARIES = YES;
				CODE_SIGN_STYLE = Automatic;
				CURRENT_PROJECT_VERSION = 1;
				DEVELOPMENT_TEAM = 37GVR2HTKC;
				GENERATE_INFOPLIST_FILE = YES;
				IPHONEOS_DEPLOYMENT_TARGET = 17.0;
				MACOSX_DEPLOYMENT_TARGET = 13.4;
				MARKETING_VERSION = 1.0;
				PRODUCT_BUNDLE_IDENTIFIER = com.berzzani.CollectionViewTestUITests;
				PRODUCT_NAME = "$(TARGET_NAME)";
				SDKROOT = auto;
				SUPPORTED_PLATFORMS = "iphoneos iphonesimulator macosx";
				SWIFT_EMIT_LOC_STRINGS = NO;
				SWIFT_VERSION = 5.0;
				TARGETED_DEVICE_FAMILY = "1,2";
				TEST_TARGET_NAME = CollectionViewTest;
			};
			name = Release;
		};
/* End XCBuildConfiguration section */

/* Begin XCConfigurationList section */
		54C3B1842A6F3FB900EC293C /* Build configuration list for PBXProject "CollectionViewTest" */ = {
			isa = XCConfigurationList;
			buildConfigurations = (
				54C3B1AC2A6F3FBB00EC293C /* Debug */,
				54C3B1AD2A6F3FBB00EC293C /* Release */,
			);
			defaultConfigurationIsVisible = 0;
			defaultConfigurationName = Release;
		};
		54C3B1AE2A6F3FBB00EC293C /* Build configuration list for PBXNativeTarget "CollectionViewTest" */ = {
			isa = XCConfigurationList;
			buildConfigurations = (
				54C3B1AF2A6F3FBB00EC293C /* Debug */,
				54C3B1B02A6F3FBB00EC293C /* Release */,
			);
			defaultConfigurationIsVisible = 0;
			defaultConfigurationName = Release;
		};
		54C3B1B12A6F3FBB00EC293C /* Build configuration list for PBXNativeTarget "CollectionViewTestTests" */ = {
			isa = XCConfigurationList;
			buildConfigurations = (
				54C3B1B22A6F3FBB00EC293C /* Debug */,
				54C3B1B32A6F3FBB00EC293C /* Release */,
			);
			defaultConfigurationIsVisible = 0;
			defaultConfigurationName = Release;
		};
		54C3B1B42A6F3FBB00EC293C /* Build configuration list for PBXNativeTarget "CollectionViewTestUITests" */ = {
			isa = XCConfigurationList;
			buildConfigurations = (
				54C3B1B52A6F3FBB00EC293C /* Debug */,
				54C3B1B62A6F3FBB00EC293C /* Release */,
			);
			defaultConfigurationIsVisible = 0;
			defaultConfigurationName = Release;
		};
/* End XCConfigurationList section */
	};
	rootObject = 54C3B1812A6F3FB900EC293C /* Project object */;
}
